{
  "name": "web-online",
  "lockfileVersion": 2,
  "requires": true,
  "packages": {
    "": {
      "dependencies": {
        "@emailjs/browser": "^3.4.0",
        "@fortawesome/fontawesome-free": "^5.15.4",
        "@splidejs/splide": "^3.6.9",
        "sweetalert2": "^11.3.6",
        "swiper": "^7.4.1"
      }
    },
    "node_modules/@emailjs/browser": {
      "version": "3.4.0",
      "resolved": "https://registry.npmjs.org/@emailjs/browser/-/browser-3.4.0.tgz",
      "integrity": "sha512-pTR9wEj0KLrJBVWFfB6IFEwmGIod/6cfN541Y0TVN2+9Bbn+R9a8gq6GeJZ6ggbYs36J3gCTXDyVKhtxjRsjtw==",
      "engines": {
        "node": ">=14.0.0"
      }
    },
    "node_modules/@fortawesome/fontawesome-free": {
      "version": "5.15.4",
      "resolved": "https://registry.npmjs.org/@fortawesome/fontawesome-free/-/fontawesome-free-5.15.4.tgz",
      "integrity": "sha512-eYm8vijH/hpzr/6/1CJ/V/Eb1xQFW2nnUKArb3z+yUWv7HTwj6M7SP957oMjfZjAHU6qpoNc2wQvIxBLWYa/Jg==",
      "hasInstallScript": true,
      "engines": {
        "node": ">=6"
      }
    },
    "node_modules/@splidejs/splide": {
      "version": "3.6.9",
      "resolved": "https://registry.npmjs.org/@splidejs/splide/-/splide-3.6.9.tgz",
      "integrity": "sha512-uQXmn0NUrlOhBCYJ8Qy4ZbCOu/fY7nTkEQUIjoKpuY10UJu1pddHquI/pmMCh/oIjhxDQFVd7TnDMq5m7JDdZA=="
    },
    "node_modules/dom7": {
      "version": "4.0.4",
      "resolved": "https://registry.npmjs.org/dom7/-/dom7-4.0.4.tgz",
      "integrity": "sha512-DSSgBzQ4rJWQp1u6o+3FVwMNnT5bzQbMb+o31TjYYeRi05uAcpF8koxdfzeoe5ElzPmua7W7N28YJhF7iEKqIw==",
      "dependencies": {
        "ssr-window": "^4.0.0"
      }
    },
    "node_modules/ssr-window": {
      "version": "4.0.2",
      "resolved": "https://registry.npmjs.org/ssr-window/-/ssr-window-4.0.2.tgz",
      "integrity": "sha512-ISv/Ch+ig7SOtw7G2+qkwfVASzazUnvlDTwypdLoPoySv+6MqlOV10VwPSE6EWkGjhW50lUmghPmpYZXMu/+AQ=="
    },
    "node_modules/sweetalert2": {
      "version": "11.3.6",
      "resolved": "https://registry.npmjs.org/sweetalert2/-/sweetalert2-11.3.6.tgz",
      "integrity": "sha512-0JBlA36T1e0fuihcyvg4FjoucCOYNmbYDLrEOenGMVg1Jw7UHaC7FmDFp1qf9UGbO89pjgDJrfkThYln8TrYEQ==",
      "funding": {
        "url": "https://sweetalert2.github.io/#donations"
      }
    },
    "node_modules/swiper": {
      "version": "7.4.1",
      "resolved": "https://registry.npmjs.org/swiper/-/swiper-7.4.1.tgz",
      "integrity": "sha512-dhbL4tpYFvHug1J7GnKElfTi6EYhlZy/vNZRhHkWFyUsWZ1Vovipxj3la5gqllMogygXJMe3zvVv+f6eppvWiA==",
      "funding": [
        {
          "type": "patreon",
          "url": "https://www.patreon.com/swiperjs"
        },
        {
          "type": "open_collective",
          "url": "http://opencollective.com/swiper"
        }
      ],
      "hasInstallScript": true,
      "dependencies": {
        "dom7": "^4.0.2",
        "ssr-window": "^4.0.2"
      },
      "engines": {
        "node": ">= 4.7.0"
      }
    }
  },
  "dependencies": {
    "@emailjs/browser": {
      "version": "3.4.0",
      "resolved": "https://registry.npmjs.org/@emailjs/browser/-/browser-3.4.0.tgz",
      "integrity": "sha512-pTR9wEj0KLrJBVWFfB6IFEwmGIod/6cfN541Y0TVN2+9Bbn+R9a8gq6GeJZ6ggbYs36J3gCTXDyVKhtxjRsjtw=="
    },
    "@fortawesome/fontawesome-free": {
      "version": "5.15.4",
      "resolved": "https://registry.npmjs.org/@fortawesome/fontawesome-free/-/fontawesome-free-5.15.4.tgz",
      "integrity": "sha512-eYm8vijH/hpzr/6/1CJ/V/Eb1xQFW2nnUKArb3z+yUWv7HTwj6M7SP957oMjfZjAHU6qpoNc2wQvIxBLWYa/Jg=="
    },
    "@splidejs/splide": {
      "version": "3.6.9",
      "resolved": "https://registry.npmjs.org/@splidejs/splide/-/splide-3.6.9.tgz",
      "integrity": "sha512-uQXmn0NUrlOhBCYJ8Qy4ZbCOu/fY7nTkEQUIjoKpuY10UJu1pddHquI/pmMCh/oIjhxDQFVd7TnDMq5m7JDdZA=="
    },
    "dom7": {
      "version": "4.0.4",
      "resolved": "https://registry.npmjs.org/dom7/-/dom7-4.0.4.tgz",
      "integrity": "sha512-DSSgBzQ4rJWQp1u6o+3FVwMNnT5bzQbMb+o31TjYYeRi05uAcpF8koxdfzeoe5ElzPmua7W7N28YJhF7iEKqIw==",
      "requires": {
        "ssr-window": "^4.0.0"
      }
    },
    "ssr-window": {
      "version": "4.0.2",
      "resolved": "https://registry.npmjs.org/ssr-window/-/ssr-window-4.0.2.tgz",
      "integrity": "sha512-ISv/Ch+ig7SOtw7G2+qkwfVASzazUnvlDTwypdLoPoySv+6MqlOV10VwPSE6EWkGjhW50lUmghPmpYZXMu/+AQ=="
    },
    "sweetalert2": {
      "version": "11.3.6",
      "resolved": "https://registry.npmjs.org/sweetalert2/-/sweetalert2-11.3.6.tgz",
      "integrity": "sha512-0JBlA36T1e0fuihcyvg4FjoucCOYNmbYDLrEOenGMVg1Jw7UHaC7FmDFp1qf9UGbO89pjgDJrfkThYln8TrYEQ=="
    },
    "swiper": {
      "version": "7.4.1",
      "resolved": "https://registry.npmjs.org/swiper/-/swiper-7.4.1.tgz",
      "integrity": "sha512-dhbL4tpYFvHug1J7GnKElfTi6EYhlZy/vNZRhHkWFyUsWZ1Vovipxj3la5gqllMogygXJMe3zvVv+f6eppvWiA==",
      "requires": {
        "dom7": "^4.0.2",
        "ssr-window": "^4.0.2"
      }
    }
  }
}
